
Microsoft Visual Studio Solution File, Format Version 12.00
# Visual Studio Version 16
VisualStudioVersion = 16.0.30804.86
MinimumVisualStudioVersion = 10.0.40219.1
Project("{9A19103F-16F7-4668-BE54-9A1E7A4F7556}") = "RestaurantAPI2", "RestaurantAPI2.csproj", "{4FDE809D-B49E-42F4-9C24-F5D6099F9F8C}"
EndProject
Project("{FAE04EC0-301F-11D3-BF4B-00C04F79EFBC}") = "RestaurantAPI2.IntegrationTests", "..\RestaurantAPI2.IntegrationTests\RestaurantAPI2.IntegrationTests.csproj", "{049DB1F7-09F0-485D-9C1C-15FD1CA90291}"
EndProject
Global
	GlobalSection(SolutionConfigurationPlatforms) = preSolution
		Debug|Any CPU = Debug|Any CPU
		Release|Any CPU = Release|Any CPU
	EndGlobalSection
	GlobalSection(ProjectConfigurationPlatforms) = postSolution
		{4FDE809D-B49E-42F4-9C24-F5D6099F9F8C}.Debug|Any CPU.ActiveCfg = Debug|Any CPU
		{4FDE809D-B49E-42F4-9C24-F5D6099F9F8C}.Debug|Any CPU.Build.0 = Debug|Any CPU
		{4FDE809D-B49E-42F4-9C24-F5D6099F9F8C}.Release|Any CPU.ActiveCfg = Release|Any CPU
		{4FDE809D-B49E-42F4-9C24-F5D6099F9F8C}.Release|Any CPU.Build.0 = Release|Any CPU
		{049DB1F7-09F0-485D-9C1C-15FD1CA90291}.Debug|Any CPU.ActiveCfg = Debug|Any CPU
		{049DB1F7-09F0-485D-9C1C-15FD1CA90291}.Debug|Any CPU.Build.0 = Debug|Any CPU
		{049DB1F7-09F0-485D-9C1C-15FD1CA90291}.Release|Any CPU.ActiveCfg = Release|Any CPU
		{049DB1F7-09F0-485D-9C1C-15FD1CA90291}.Release|Any CPU.Build.0 = Release|Any CPU
	EndGlobalSection
	GlobalSection(SolutionProperties) = preSolution
		HideSolutionNode = FALSE
	EndGlobalSection
	GlobalSection(ExtensibilityGlobals) = postSolution
		SolutionGuid = {82F658A1-0C2B-4728-9D79-37E9497E9EDF}
	EndGlobalSection
EndGlobal
